
Microsoft Visual Studio Solution File, Format Version 12.00
# Visual Studio 15
VisualStudioVersion = 15.0.27428.2037
MinimumVisualStudioVersion = 10.0.40219.1
Project("{9A19103F-16F7-4668-BE54-9A1E7A4F7556}") = "KancolleTweetWatcher", "KancolleTweetWatcher\KancolleTweetWatcher.csproj", "{CEF2D858-C866-4A8F-8A41-6F20FDACB11B}"
EndProject
Global
	GlobalSection(SolutionConfigurationPlatforms) = preSolution
		Debug|Any CPU = Debug|Any CPU
		Release|Any CPU = Release|Any CPU
	EndGlobalSection
	GlobalSection(ProjectConfigurationPlatforms) = postSolution
		{CEF2D858-C866-4A8F-8A41-6F20FDACB11B}.Debug|Any CPU.ActiveCfg = Debug|Any CPU
		{CEF2D858-C866-4A8F-8A41-6F20FDACB11B}.Debug|Any CPU.Build.0 = Debug|Any CPU
		{CEF2D858-C866-4A8F-8A41-6F20FDACB11B}.Release|Any CPU.ActiveCfg = Release|Any CPU
		{CEF2D858-C866-4A8F-8A41-6F20FDACB11B}.Release|Any CPU.Build.0 = Release|Any CPU
	EndGlobalSection
	GlobalSection(SolutionProperties) = preSolution
		HideSolutionNode = FALSE
	EndGlobalSection
	GlobalSection(ExtensibilityGlobals) = postSolution
		SolutionGuid = {C837B629-65B1-45B1-AF8E-52D82A52DFEA}
	EndGlobalSection
EndGlobal
